
Microsoft Visual Studio Solution File, Format Version 12.00
# Visual Studio 15
VisualStudioVersion = 15.0.28010.2050
MinimumVisualStudioVersion = 10.0.40219.1
Project("{FAE04EC0-301F-11D3-BF4B-00C04F79EFBC}") = "Seminar2", "Seminar2\Seminar2.csproj", "{7532F51F-BBD4-43B3-90A7-3C8BA58AF015}"
EndProject
Global
	GlobalSection(SolutionConfigurationPlatforms) = preSolution
		Debug|Any CPU = Debug|Any CPU
		Release|Any CPU = Release|Any CPU
	EndGlobalSection
	GlobalSection(ProjectConfigurationPlatforms) = postSolution
		{7532F51F-BBD4-43B3-90A7-3C8BA58AF015}.Debug|Any CPU.ActiveCfg = Debug|Any CPU
		{7532F51F-BBD4-43B3-90A7-3C8BA58AF015}.Debug|Any CPU.Build.0 = Debug|Any CPU
		{7532F51F-BBD4-43B3-90A7-3C8BA58AF015}.Release|Any CPU.ActiveCfg = Release|Any CPU
		{7532F51F-BBD4-43B3-90A7-3C8BA58AF015}.Release|Any CPU.Build.0 = Release|Any CPU
	EndGlobalSection
	GlobalSection(SolutionProperties) = preSolution
		HideSolutionNode = FALSE
	EndGlobalSection
	GlobalSection(ExtensibilityGlobals) = postSolution
		SolutionGuid = {87312648-B12C-45CB-9BF9-E58D158E7228}
	EndGlobalSection
EndGlobal
