
Microsoft Visual Studio Solution File, Format Version 12.00
# Visual Studio 15
VisualStudioVersion = 15.0.28010.2050
MinimumVisualStudioVersion = 10.0.40219.1
Project("{FAE04EC0-301F-11D3-BF4B-00C04F79EFBC}") = "Lab1ExampleConsole", "Lab1ExampleConsole\Lab1ExampleConsole.csproj", "{5EAC5183-9BC7-40BD-A229-3FF33E6B5792}"
EndProject
Global
	GlobalSection(SolutionConfigurationPlatforms) = preSolution
		Debug|Any CPU = Debug|Any CPU
		Release|Any CPU = Release|Any CPU
	EndGlobalSection
	GlobalSection(ProjectConfigurationPlatforms) = postSolution
		{5EAC5183-9BC7-40BD-A229-3FF33E6B5792}.Debug|Any CPU.ActiveCfg = Debug|Any CPU
		{5EAC5183-9BC7-40BD-A229-3FF33E6B5792}.Debug|Any CPU.Build.0 = Debug|Any CPU
		{5EAC5183-9BC7-40BD-A229-3FF33E6B5792}.Release|Any CPU.ActiveCfg = Release|Any CPU
		{5EAC5183-9BC7-40BD-A229-3FF33E6B5792}.Release|Any CPU.Build.0 = Release|Any CPU
	EndGlobalSection
	GlobalSection(SolutionProperties) = preSolution
		HideSolutionNode = FALSE
	EndGlobalSection
	GlobalSection(ExtensibilityGlobals) = postSolution
		SolutionGuid = {49C96443-5F3D-440C-8A87-19281A5B2391}
	EndGlobalSection
EndGlobal
